
Microsoft Visual Studio Solution File, Format Version 12.00
# Visual Studio 14
VisualStudioVersion = 14.0.23107.0
MinimumVisualStudioVersion = 10.0.40219.1
Project("{8BC9CEB8-8B4A-11D0-8D11-00A0C91BC942}") = "ch10", "ch10\ch10.vcxproj", "{022168A9-453C-4ABB-8C6F-C12B95B246E1}"
EndProject
Global
	GlobalSection(SolutionConfigurationPlatforms) = preSolution
		Debug|x64 = Debug|x64
		Debug|x86 = Debug|x86
		Release|x64 = Release|x64
		Release|x86 = Release|x86
	EndGlobalSection
	GlobalSection(ProjectConfigurationPlatforms) = postSolution
		{022168A9-453C-4ABB-8C6F-C12B95B246E1}.Debug|x64.ActiveCfg = Debug|x64
		{022168A9-453C-4ABB-8C6F-C12B95B246E1}.Debug|x64.Build.0 = Debug|x64
		{022168A9-453C-4ABB-8C6F-C12B95B246E1}.Debug|x86.ActiveCfg = Debug|Win32
		{022168A9-453C-4ABB-8C6F-C12B95B246E1}.Debug|x86.Build.0 = Debug|Win32
		{022168A9-453C-4ABB-8C6F-C12B95B246E1}.Release|x64.ActiveCfg = Release|x64
		{022168A9-453C-4ABB-8C6F-C12B95B246E1}.Release|x64.Build.0 = Release|x64
		{022168A9-453C-4ABB-8C6F-C12B95B246E1}.Release|x86.ActiveCfg = Release|Win32
		{022168A9-453C-4ABB-8C6F-C12B95B246E1}.Release|x86.Build.0 = Release|Win32
	EndGlobalSection
	GlobalSection(SolutionProperties) = preSolution
		HideSolutionNode = FALSE
	EndGlobalSection
EndGlobal
